# This file is automatically @generated by Cargo.
# It is not intended for manual editing.
version = 4

[[package]]
name = "cranelift-bitset"
version = "0.135.1"
source = "registry+https://github.com/rust-lang/crates.io-index"
checksum = "a58c8447cc59ef98c49096679f81392ad0acec2224cea2bef52011f5169f9d02"
dependencies = [
 "wasmtime-internal-core",
]

[[package]]
name = "cranelift-entity"
version = "0.135.1"
source = "registry+https://github.com/rust-lang/crates.io-index"
checksum = "e0ec225d6b79c5d61358cb5ea081a1384ec541dbf8c1a8c618d187875af326ad"
dependencies = [
 "cranelift-bitset",
 "wasmtime-internal-core",
]

[[package]]
name = "easy-smt"
version = "0.3.2"
source = "registry+https://github.com/rust-lang/crates.io-index"
checksum = "515cd4ec35e586919a532a81ed1e9285e2502ed3f49ecb9ba75fa3fe29eb950f"
dependencies = [
 "log",
 "unicode-segmentation",
]

[[package]]
name = "foldhash"
version = "0.2.0"
source = "registry+https://github.com/rust-lang/crates.io-index"
checksum = "77ce24cb58228fbb8aa041425bb1050850ac19177686ea6e0f41a70416f56fdb"

[[package]]
name = "hashbrown"
version = "0.17.1"
source = "registry+https://github.com/rust-lang/crates.io-index"
checksum = "ed5909b6e89a2db4456e54cd5f673791d7eca6732202bbf2a9cc504fe2f9b84a"
dependencies = [
 "foldhash",
]

[[package]]
name = "libm"
version = "0.2.16"
source = "registry+https://github.com/rust-lang/crates.io-index"
checksum = "b6d2cec3eae94f9f509c767b45932f1ada8350c4bdb85af2fcab4a3c14807981"

[[package]]
name = "log"
version = "0.4.34"
source = "registry+https://github.com/rust-lang/crates.io-index"
checksum = "f9f8bd3e56ce4dfc153cf470fffbfa98c7620958b312ca5c3a4b8d5181fd13c6"

[[package]]
name = "rewrite-dsl"
version = "0.1.0"
dependencies = [
 "cranelift-entity",
 "easy-smt",
]

[[package]]
name = "unicode-segmentation"
version = "1.13.3"
source = "registry+https://github.com/rust-lang/crates.io-index"
checksum = "c6f5d3c3b1bf09027a88a6bc961fc00497d651009560b5463668dc81b0fa87a8"

[[package]]
name = "wasmtime-internal-core"
version = "48.0.1"
source = "registry+https://github.com/rust-lang/crates.io-index"
checksum = "821385794cf44baf2967fd2515368429ed2bff9b9b256f62d09a0f1301474fd8"
dependencies = [
 "hashbrown",
 "libm",
]
